
Microsoft Visual Studio Solution File, Format Version 12.00
# Visual Studio Version 17
VisualStudioVersion = 17.4.33213.308
MinimumVisualStudioVersion = 10.0.40219.1
Project("{FAE04EC0-301F-11D3-BF4B-00C04F79EFBC}") = "ExamenParcial", "ExamenParcial.csproj", "{48321EB6-94BF-4933-9DCB-71A12D16C03B}"
EndProject
Global
	GlobalSection(SolutionConfigurationPlatforms) = preSolution
		Debug|Any CPU = Debug|Any CPU
		Release|Any CPU = Release|Any CPU
	EndGlobalSection
	GlobalSection(ProjectConfigurationPlatforms) = postSolution
		{48321EB6-94BF-4933-9DCB-71A12D16C03B}.Debug|Any CPU.ActiveCfg = Debug|Any CPU
		{48321EB6-94BF-4933-9DCB-71A12D16C03B}.Debug|Any CPU.Build.0 = Debug|Any CPU
		{48321EB6-94BF-4933-9DCB-71A12D16C03B}.Release|Any CPU.ActiveCfg = Release|Any CPU
		{48321EB6-94BF-4933-9DCB-71A12D16C03B}.Release|Any CPU.Build.0 = Release|Any CPU
	EndGlobalSection
	GlobalSection(SolutionProperties) = preSolution
		HideSolutionNode = FALSE
	EndGlobalSection
	GlobalSection(ExtensibilityGlobals) = postSolution
		SolutionGuid = {B6616AA7-A9D7-4F2E-B18C-1444AB79E65F}
	EndGlobalSection
EndGlobal
